
Microsoft Visual Studio Solution File, Format Version 12.00
# Visual Studio Version 17
VisualStudioVersion = 17.9.34723.18
MinimumVisualStudioVersion = 10.0.40219.1
Project("{F184B08F-C81C-45F6-A57F-5ABD9991F28F}") = "Peliculas_VB", "Peliculas_VB\Peliculas_VB.vbproj", "{3C4439E4-FAB0-4FDE-9A78-2F2E51CBC1DD}"
EndProject
Global
	GlobalSection(SolutionConfigurationPlatforms) = preSolution
		Debug|Any CPU = Debug|Any CPU
		Release|Any CPU = Release|Any CPU
	EndGlobalSection
	GlobalSection(ProjectConfigurationPlatforms) = postSolution
		{3C4439E4-FAB0-4FDE-9A78-2F2E51CBC1DD}.Debug|Any CPU.ActiveCfg = Debug|Any CPU
		{3C4439E4-FAB0-4FDE-9A78-2F2E51CBC1DD}.Debug|Any CPU.Build.0 = Debug|Any CPU
		{3C4439E4-FAB0-4FDE-9A78-2F2E51CBC1DD}.Release|Any CPU.ActiveCfg = Release|Any CPU
		{3C4439E4-FAB0-4FDE-9A78-2F2E51CBC1DD}.Release|Any CPU.Build.0 = Release|Any CPU
	EndGlobalSection
	GlobalSection(SolutionProperties) = preSolution
		HideSolutionNode = FALSE
	EndGlobalSection
	GlobalSection(ExtensibilityGlobals) = postSolution
		SolutionGuid = {9EFD3942-FFB7-439B-8482-CE880D97E3AF}
	EndGlobalSection
EndGlobal
