
Microsoft Visual Studio Solution File, Format Version 12.00
# Visual Studio Version 17
VisualStudioVersion = 17.10.35013.160
MinimumVisualStudioVersion = 10.0.40219.1
Project("{FAE04EC0-301F-11D3-BF4B-00C04F79EFBC}") = "Join_C#", "Join_C#\Join_C#.csproj", "{BDFBE84C-F55F-4336-8655-30DBFC4E42C8}"
EndProject
Global
	GlobalSection(SolutionConfigurationPlatforms) = preSolution
		Debug|Any CPU = Debug|Any CPU
		Release|Any CPU = Release|Any CPU
	EndGlobalSection
	GlobalSection(ProjectConfigurationPlatforms) = postSolution
		{BDFBE84C-F55F-4336-8655-30DBFC4E42C8}.Debug|Any CPU.ActiveCfg = Debug|Any CPU
		{BDFBE84C-F55F-4336-8655-30DBFC4E42C8}.Debug|Any CPU.Build.0 = Debug|Any CPU
		{BDFBE84C-F55F-4336-8655-30DBFC4E42C8}.Release|Any CPU.ActiveCfg = Release|Any CPU
		{BDFBE84C-F55F-4336-8655-30DBFC4E42C8}.Release|Any CPU.Build.0 = Release|Any CPU
	EndGlobalSection
	GlobalSection(SolutionProperties) = preSolution
		HideSolutionNode = FALSE
	EndGlobalSection
	GlobalSection(ExtensibilityGlobals) = postSolution
		SolutionGuid = {852150F4-9DC5-4393-BE4D-DBB228EE92AB}
	EndGlobalSection
EndGlobal
