
Microsoft Visual Studio Solution File, Format Version 12.00
# Visual Studio Version 17
VisualStudioVersion = 17.9.34714.143
MinimumVisualStudioVersion = 10.0.40219.1
Project("{FAE04EC0-301F-11D3-BF4B-00C04F79EFBC}") = "CarritoClient", "CarritoClient\CarritoClient.csproj", "{41B7AD88-7A4F-499D-8593-DF0ABCC26E6E}"
EndProject
Global
	GlobalSection(SolutionConfigurationPlatforms) = preSolution
		Debug|Any CPU = Debug|Any CPU
		Release|Any CPU = Release|Any CPU
	EndGlobalSection
	GlobalSection(ProjectConfigurationPlatforms) = postSolution
		{41B7AD88-7A4F-499D-8593-DF0ABCC26E6E}.Debug|Any CPU.ActiveCfg = Debug|Any CPU
		{41B7AD88-7A4F-499D-8593-DF0ABCC26E6E}.Debug|Any CPU.Build.0 = Debug|Any CPU
		{41B7AD88-7A4F-499D-8593-DF0ABCC26E6E}.Release|Any CPU.ActiveCfg = Release|Any CPU
		{41B7AD88-7A4F-499D-8593-DF0ABCC26E6E}.Release|Any CPU.Build.0 = Release|Any CPU
	EndGlobalSection
	GlobalSection(SolutionProperties) = preSolution
		HideSolutionNode = FALSE
	EndGlobalSection
	GlobalSection(ExtensibilityGlobals) = postSolution
		SolutionGuid = {67819359-AF5D-440D-B8C9-B68380C96D49}
	EndGlobalSection
EndGlobal
