
Microsoft Visual Studio Solution File, Format Version 12.00
# Visual Studio Version 17
VisualStudioVersion = 17.9.34723.18
MinimumVisualStudioVersion = 10.0.40219.1
Project("{F184B08F-C81C-45F6-A57F-5ABD9991F28F}") = "Verduleria_4", "Verduleria_4\Verduleria_4.vbproj", "{0078FA54-9FD1-438E-BFC8-59F3455ED6D3}"
EndProject
Global
	GlobalSection(SolutionConfigurationPlatforms) = preSolution
		Debug|Any CPU = Debug|Any CPU
		Release|Any CPU = Release|Any CPU
	EndGlobalSection
	GlobalSection(ProjectConfigurationPlatforms) = postSolution
		{0078FA54-9FD1-438E-BFC8-59F3455ED6D3}.Debug|Any CPU.ActiveCfg = Debug|Any CPU
		{0078FA54-9FD1-438E-BFC8-59F3455ED6D3}.Debug|Any CPU.Build.0 = Debug|Any CPU
		{0078FA54-9FD1-438E-BFC8-59F3455ED6D3}.Release|Any CPU.ActiveCfg = Release|Any CPU
		{0078FA54-9FD1-438E-BFC8-59F3455ED6D3}.Release|Any CPU.Build.0 = Release|Any CPU
	EndGlobalSection
	GlobalSection(SolutionProperties) = preSolution
		HideSolutionNode = FALSE
	EndGlobalSection
	GlobalSection(ExtensibilityGlobals) = postSolution
		SolutionGuid = {0BC22EFC-70D7-42BB-B4A1-CF9602C84F0A}
	EndGlobalSection
EndGlobal
